
Microsoft Visual Studio Solution File, Format Version 12.00
# Visual Studio Version 17
VisualStudioVersion = 17.13.35931.197 d17.13
MinimumVisualStudioVersion = 10.0.40219.1
Project("{FAE04EC0-301F-11D3-BF4B-00C04F79EFBC}") = "BulgarianTraditionsAndCustoms", "BulgarianTraditionsAndCustoms.csproj", "{25D626DC-4405-43F7-9838-40AEE244A8EF}"
EndProject
Global
	GlobalSection(SolutionConfigurationPlatforms) = preSolution
		Debug|Any CPU = Debug|Any CPU
		Release|Any CPU = Release|Any CPU
	EndGlobalSection
	GlobalSection(ProjectConfigurationPlatforms) = postSolution
		{25D626DC-4405-43F7-9838-40AEE244A8EF}.Debug|Any CPU.ActiveCfg = Debug|Any CPU
		{25D626DC-4405-43F7-9838-40AEE244A8EF}.Debug|Any CPU.Build.0 = Debug|Any CPU
		{25D626DC-4405-43F7-9838-40AEE244A8EF}.Release|Any CPU.ActiveCfg = Release|Any CPU
		{25D626DC-4405-43F7-9838-40AEE244A8EF}.Release|Any CPU.Build.0 = Release|Any CPU
	EndGlobalSection
	GlobalSection(SolutionProperties) = preSolution
		HideSolutionNode = FALSE
	EndGlobalSection
	GlobalSection(ExtensibilityGlobals) = postSolution
		SolutionGuid = {17D8590C-6219-4BF3-97B3-7203433951CA}
	EndGlobalSection
EndGlobal
